// !$*UTF8*$!
{
	archiveVersion = 1;
	classes = {
	};
	objectVersion = 56;
	objects = {

/* Begin PBXBuildFile section */
		1A000001294A1234567890AB /* WriteHubApp.swift in Sources */ = {isa = PBXBuildFile; fileRef = 1A000000294A1234567890AB /* WriteHubApp.swift */; };
		1A000003294A1234567890AB /* ContentView.swift in Sources */ = {isa = PBXBuildFile; fileRef = 1A000002294A1234567890AB /* ContentView.swift */; };
		1A000005294A1234567890AB /* Assets.xcassets in Resources */ = {isa = PBXBuildFile; fileRef = 1A000004294A1234567890AB /* Assets.xcassets */; };
		1A000008294A1234567890AB /* Preview Assets.xcassets in Resources */ = {isa = PBXBuildFile; fileRef = 1A000007294A1234567890AB /* Preview Assets.xcassets */; };
		1A000010294A1234567890AB /* ViewpointEntity.swift in Sources */ = {isa = PBXBuildFile; fileRef = 1A00000F294A1234567890AB /* ViewpointEntity.swift */; };
		1A000012294A1234567890AB /* CategoryEntity.swift in Sources */ = {isa = PBXBuildFile; fileRef = 1A000011294A1234567890AB /* CategoryEntity.swift */; };
		1A000014294A1234567890AB /* DailyStatsEntity.swift in Sources */ = {isa = PBXBuildFile; fileRef = 1A000013294A1234567890AB /* DailyStatsEntity.swift */; };
		1A000016294A1234567890AB /* ViewpointManager.swift in Sources */ = {isa = PBXBuildFile; fileRef = 1A000015294A1234567890AB /* ViewpointManager.swift */; };
		1A000018294A1234567890AB /* CategoryManager.swift in Sources */ = {isa = PBXBuildFile; fileRef = 1A000017294A1234567890AB /* CategoryManager.swift */; };
		1A00001A294A1234567890AB /* StatisticsManager.swift in Sources */ = {isa = PBXBuildFile; fileRef = 1A000019294A1234567890AB /* StatisticsManager.swift */; };
		1A00001C294A1234567890AB /* FileSystemManager.swift in Sources */ = {isa = PBXBuildFile; fileRef = 1A00001B294A1234567890AB /* FileSystemManager.swift */; };
		1A00001E294A1234567890AB /* ViewpointInputView.swift in Sources */ = {isa = PBXBuildFile; fileRef = 1A00001D294A1234567890AB /* ViewpointInputView.swift */; };
		1A000020294A1234567890AB /* CategoryListView.swift in Sources */ = {isa = PBXBuildFile; fileRef = 1A00001F294A1234567890AB /* CategoryListView.swift */; };
		1A000022294A1234567890AB /* ContributionGraphView.swift in Sources */ = {isa = PBXBuildFile; fileRef = 1A000021294A1234567890AB /* ContributionGraphView.swift */; };
		1A000024294A1234567890AB /* StatisticsView.swift in Sources */ = {isa = PBXBuildFile; fileRef = 1A000023294A1234567890AB /* StatisticsView.swift */; };
		1A000026294A1234567890AB /* Extensions.swift in Sources */ = {isa = PBXBuildFile; fileRef = 1A000025294A1234567890AB /* Extensions.swift */; };
		1A000028294A1234567890AB /* WriteHub.xcdatamodeld in Sources */ = {isa = PBXBuildFile; fileRef = 1A000027294A1234567890AB /* WriteHub.xcdatamodeld */; };
/* End PBXBuildFile section */

/* Begin PBXFileReference section */
		1A000000294A1234567890AB /* WriteHubApp.swift */ = {isa = PBXFileReference; lastKnownFileType = sourcecode.swift; path = WriteHubApp.swift; sourceTree = "<group>"; };
		1A000002294A1234567890AB /* ContentView.swift */ = {isa = PBXFileReference; lastKnownFileType = sourcecode.swift; path = ContentView.swift; sourceTree = "<group>"; };
		1A000004294A1234567890AB /* Assets.xcassets */ = {isa = PBXFileReference; lastKnownFileType = folder.assetcatalog; path = Assets.xcassets; sourceTree = "<group>"; };
		1A000007294A1234567890AB /* Preview Assets.xcassets */ = {isa = PBXFileReference; lastKnownFileType = folder.assetcatalog; path = "Preview Assets.xcassets"; sourceTree = "<group>"; };
		1A00000F294A1234567890AB /* ViewpointEntity.swift */ = {isa = PBXFileReference; lastKnownFileType = sourcecode.swift; path = ViewpointEntity.swift; sourceTree = "<group>"; };
		1A000011294A1234567890AB /* CategoryEntity.swift */ = {isa = PBXFileReference; lastKnownFileType = sourcecode.swift; path = CategoryEntity.swift; sourceTree = "<group>"; };
		1A000013294A1234567890AB /* DailyStatsEntity.swift */ = {isa = PBXFileReference; lastKnownFileType = sourcecode.swift; path = DailyStatsEntity.swift; sourceTree = "<group>"; };
		1A000015294A1234567890AB /* ViewpointManager.swift */ = {isa = PBXFileReference; lastKnownFileType = sourcecode.swift; path = ViewpointManager.swift; sourceTree = "<group>"; };
		1A000017294A1234567890AB /* CategoryManager.swift */ = {isa = PBXFileReference; lastKnownFileType = sourcecode.swift; path = CategoryManager.swift; sourceTree = "<group>"; };
		1A000019294A1234567890AB /* StatisticsManager.swift */ = {isa = PBXFileReference; lastKnownFileType = sourcecode.swift; path = StatisticsManager.swift; sourceTree = "<group>"; };
		1A00001B294A1234567890AB /* FileSystemManager.swift */ = {isa = PBXFileReference; lastKnownFileType = sourcecode.swift; path = FileSystemManager.swift; sourceTree = "<group>"; };
		1A00001D294A1234567890AB /* ViewpointInputView.swift */ = {isa = PBXFileReference; lastKnownFileType = sourcecode.swift; path = ViewpointInputView.swift; sourceTree = "<group>"; };
		1A00001F294A1234567890AB /* CategoryListView.swift */ = {isa = PBXFileReference; lastKnownFileType = sourcecode.swift; path = CategoryListView.swift; sourceTree = "<group>"; };
		1A000021294A1234567890AB /* ContributionGraphView.swift */ = {isa = PBXFileReference; lastKnownFileType = sourcecode.swift; path = ContributionGraphView.swift; sourceTree = "<group>"; };
		1A000023294A1234567890AB /* StatisticsView.swift */ = {isa = PBXFileReference; lastKnownFileType = sourcecode.swift; path = StatisticsView.swift; sourceTree = "<group>"; };
		1A000025294A1234567890AB /* Extensions.swift */ = {isa = PBXFileReference; lastKnownFileType = sourcecode.swift; path = Extensions.swift; sourceTree = "<group>"; };
		1A000027294A1234567890AB /* WriteHub.xcdatamodeld */ = {isa = PBXFileReference; lastKnownFileType = wrapper.xcdatamodel; path = WriteHub.xcdatamodeld; sourceTree = "<group>"; };
		1A000029294A1234567890AB /* WriteHub.app */ = {isa = PBXFileReference; explicitFileType = wrapper.application; includeInIndex = 0; path = WriteHub.app; sourceTree = BUILT_PRODUCTS_DIR; };
		1A00002A294A1234567890AB /* Info.plist */ = {isa = PBXFileReference; lastKnownFileType = text.plist.xml; path = Info.plist; sourceTree = "<group>"; };
/* End PBXFileReference section */

/* Begin PBXFrameworksBuildPhase section */
		1A000009294A1234567890AB /* Frameworks */ = {
			isa = PBXFrameworksBuildPhase;
			buildActionMask = 2147483647;
			files = (
			);
			runOnlyForDeploymentPostprocessing = 0;
		};
/* End PBXFrameworksBuildPhase section */

/* Begin PBXGroup section */
		1A000030294A1234567890AB = {
			isa = PBXGroup;
			children = (
				1A000031294A1234567890AB /* WriteHub */,
				1A000032294A1234567890AB /* Products */,
			);
			sourceTree = "<group>";
		};
		1A000031294A1234567890AB /* WriteHub */ = {
			isa = PBXGroup;
			children = (
				1A000000294A1234567890AB /* WriteHubApp.swift */,
				1A000002294A1234567890AB /* ContentView.swift */,
				1A00002A294A1234567890AB /* Info.plist */,
				1A000033294A1234567890AB /* Models */,
				1A000034294A1234567890AB /* Views */,
				1A000035294A1234567890AB /* Managers */,
				1A000036294A1234567890AB /* Utils */,
				1A000037294A1234567890AB /* Resources */,
				1A000006294A1234567890AB /* Preview Content */,
			);
			path = WriteHub;
			sourceTree = "<group>";
		};
		1A000032294A1234567890AB /* Products */ = {
			isa = PBXGroup;
			children = (
				1A000029294A1234567890AB /* WriteHub.app */,
			);
			name = Products;
			sourceTree = "<group>";
		};
		1A000033294A1234567890AB /* Models */ = {
			isa = PBXGroup;
			children = (
				1A00000F294A1234567890AB /* ViewpointEntity.swift */,
				1A000011294A1234567890AB /* CategoryEntity.swift */,
				1A000013294A1234567890AB /* DailyStatsEntity.swift */,
			);
			path = Models;
			sourceTree = "<group>";
		};
		1A000034294A1234567890AB /* Views */ = {
			isa = PBXGroup;
			children = (
				1A00001D294A1234567890AB /* ViewpointInputView.swift */,
				1A00001F294A1234567890AB /* CategoryListView.swift */,
				1A000021294A1234567890AB /* ContributionGraphView.swift */,
				1A000023294A1234567890AB /* StatisticsView.swift */,
			);
			path = Views;
			sourceTree = "<group>";
		};
		1A000035294A1234567890AB /* Managers */ = {
			isa = PBXGroup;
			children = (
				1A000015294A1234567890AB /* ViewpointManager.swift */,
				1A000017294A1234567890AB /* CategoryManager.swift */,
				1A000019294A1234567890AB /* StatisticsManager.swift */,
				1A00001B294A1234567890AB /* FileSystemManager.swift */,
			);
			path = Managers;
			sourceTree = "<group>";
		};
		1A000036294A1234567890AB /* Utils */ = {
			isa = PBXGroup;
			children = (
				1A000025294A1234567890AB /* Extensions.swift */,
			);
			path = Utils;
			sourceTree = "<group>";
		};
		1A000037294A1234567890AB /* Resources */ = {
			isa = PBXGroup;
			children = (
				1A000004294A1234567890AB /* Assets.xcassets */,
				1A000027294A1234567890AB /* WriteHub.xcdatamodeld */,
			);
			path = Resources;
			sourceTree = "<group>";
		};
		1A000006294A1234567890AB /* Preview Content */ = {
			isa = PBXGroup;
			children = (
				1A000007294A1234567890AB /* Preview Assets.xcassets */,
			);
			path = "Preview Content";
			sourceTree = "<group>";
		};
/* End PBXGroup section */

/* Begin PBXNativeTarget section */
		1A000038294A1234567890AB /* WriteHub */ = {
			isa = PBXNativeTarget;
			buildConfigurationList = 1A000039294A1234567890AB /* Build configuration list for PBXNativeTarget "WriteHub" */;
			buildPhases = (
				1A00003A294A1234567890AB /* Sources */,
				1A000009294A1234567890AB /* Frameworks */,
				1A00003B294A1234567890AB /* Resources */,
			);
			buildRules = (
			);
			dependencies = (
			);
			name = WriteHub;
			productName = WriteHub;
			productReference = 1A000029294A1234567890AB /* WriteHub.app */;
			productType = "com.apple.product-type.application";
		};
/* End PBXNativeTarget section */

/* Begin PBXProject section */
		1A00003C294A1234567890AB /* Project object */ = {
			isa = PBXProject;
			attributes = {
				BuildIndependentTargetsInParallel = 1;
				LastSwiftUpdateCheck = 1500;
				LastUpgradeCheck = 1500;
				TargetAttributes = {
					1A000038294A1234567890AB = {
						CreatedOnToolsVersion = 15.0;
					};
				};
			};
			buildConfigurationList = 1A00003D294A1234567890AB /* Build configuration list for PBXProject "WriteHub" */;
			compatibilityVersion = "Xcode 14.0";
			developmentRegion = en;
			hasScannedForEncodings = 0;
			knownRegions = (
				en,
				Base,
			);
			mainGroup = 1A000030294A1234567890AB;
			productRefGroup = 1A000032294A1234567890AB /* Products */;
			projectDirPath = "";
			projectRoot = "";
			targets = (
				1A000038294A1234567890AB /* WriteHub */,
			);
		};
/* End PBXProject section */

/* Begin PBXResourcesBuildPhase section */
		1A00003B294A1234567890AB /* Resources */ = {
			isa = PBXResourcesBuildPhase;
			buildActionMask = 2147483647;
			files = (
				1A000008294A1234567890AB /* Preview Assets.xcassets in Resources */,
				1A000005294A1234567890AB /* Assets.xcassets in Resources */,
			);
			runOnlyForDeploymentPostprocessing = 0;
		};
/* End PBXResourcesBuildPhase section */

/* Begin PBXSourcesBuildPhase section */
		1A00003A294A1234567890AB /* Sources */ = {
			isa = PBXSourcesBuildPhase;
			buildActionMask = 2147483647;
			files = (
				1A000001294A1234567890AB /* WriteHubApp.swift in Sources */,
				1A000003294A1234567890AB /* ContentView.swift in Sources */,
				1A000010294A1234567890AB /* ViewpointEntity.swift in Sources */,
				1A000012294A1234567890AB /* CategoryEntity.swift in Sources */,
				1A000014294A1234567890AB /* DailyStatsEntity.swift in Sources */,
				1A000016294A1234567890AB /* ViewpointManager.swift in Sources */,
				1A000018294A1234567890AB /* CategoryManager.swift in Sources */,
				1A00001A294A1234567890AB /* StatisticsManager.swift in Sources */,
				1A00001C294A1234567890AB /* FileSystemManager.swift in Sources */,
				1A00001E294A1234567890AB /* ViewpointInputView.swift in Sources */,
				1A000020294A1234567890AB /* CategoryListView.swift in Sources */,
				1A000022294A1234567890AB /* ContributionGraphView.swift in Sources */,
				1A000024294A1234567890AB /* StatisticsView.swift in Sources */,
				1A000026294A1234567890AB /* Extensions.swift in Sources */,
				1A000028294A1234567890AB /* WriteHub.xcdatamodeld in Sources */,
			);
			runOnlyForDeploymentPostprocessing = 0;
		};
/* End PBXSourcesBuildPhase section */

/* Begin XCBuildConfiguration section */
		1A00003E294A1234567890AB /* Debug */ = {
			isa = XCBuildConfiguration;
			buildSettings = {
				ALWAYS_SEARCH_USER_PATHS = NO;
				ASSETCATALOG_COMPILER_GENERATE_SWIFT_ASSET_SYMBOL_EXTENSIONS = YES;
				CLANG_ANALYZER_NONNULL = YES;
				CLANG_ANALYZER_NUMBER_OBJECT_CONVERSION = YES_AGGRESSIVE;
				CLANG_CXX_LANGUAGE_STANDARD = "gnu++20";
				CLANG_ENABLE_MODULES = YES;
				CLANG_ENABLE_OBJC_ARC = YES;
				CLANG_ENABLE_OBJC_WEAK = YES;
				CLANG_WARN_BLOCK_CAPTURE_AUTORELEASING = YES;
				CLANG_WARN_BOOL_CONVERSION = YES;
				CLANG_WARN_COMMA = YES;
				CLANG_WARN_CONSTANT_CONVERSION = YES;
				CLANG_WARN_DEPRECATED_OBJC_IMPLEMENTATIONS = YES;
				CLANG_WARN_DIRECT_OBJC_ISA_USAGE = YES_ERROR;
				CLANG_WARN_DOCUMENTATION_COMMENTS = YES;
				CLANG_WARN_EMPTY_BODY = YES;
				CLANG_WARN_ENUM_CONVERSION = YES;
				CLANG_WARN_INFINITE_RECURSION = YES;
				CLANG_WARN_INT_CONVERSION = YES;
				CLANG_WARN_NON_LITERAL_NULL_CONVERSION = YES;
				CLANG_WARN_OBJC_IMPLICIT_RETAIN_SELF = YES;
				CLANG_WARN_OBJC_LITERAL_CONVERSION = YES;
				CLANG_WARN_OBJC_ROOT_CLASS = YES_ERROR;
				CLANG_WARN_QUOTED_INCLUDE_IN_FRAMEWORK_HEADER = YES;
				CLANG_WARN_RANGE_LOOP_ANALYSIS = YES;
				CLANG_WARN_STRICT_PROTOTYPES = YES;
				CLANG_WARN_SUSPICIOUS_MOVE = YES;
				CLANG_WARN_UNGUARDED_AVAILABILITY = YES_AGGRESSIVE;
				CLANG_WARN_UNREACHABLE_CODE = YES;
				CLANG_WARN__DUPLICATE_METHOD_MATCH = YES;
				COPY_PHASE_STRIP = NO;
				DEBUG_INFORMATION_FORMAT = dwarf;
				ENABLE_STRICT_OBJC_MSGSEND = YES;
				ENABLE_TESTABILITY = YES;
				ENABLE_USER_SCRIPT_SANDBOXING = YES;
				GCC_C_LANGUAGE_STANDARD = gnu17;
				GCC_DYNAMIC_NO_PIC = NO;
				GCC_NO_COMMON_BLOCKS = YES;
				GCC_OPTIMIZATION_LEVEL = 0;
				GCC_PREPROCESSOR_DEFINITIONS = (
					"DEBUG=1",
					"$(inherited)",
				);
				GCC_WARN_64_TO_32_BIT_CONVERSION = YES;
				GCC_WARN_ABOUT_RETURN_TYPE = YES_ERROR;
				GCC_WARN_UNDECLARED_SELECTOR = YES;
				GCC_WARN_UNINITIALIZED_AUTOS = YES_AGGRESSIVE;
				GCC_WARN_UNUSED_FUNCTION = YES;
				GCC_WARN_UNUSED_VARIABLE = YES;
				LOCALIZATION_PREFERS_STRING_CATALOGS = YES;
				MACOSX_DEPLOYMENT_TARGET = 12.0;
				MTL_ENABLE_DEBUG_INFO = INCLUDE_SOURCE;
				MTL_FAST_MATH = YES;
				ONLY_ACTIVE_ARCH = YES;
				SDKROOT = macosx;
				SWIFT_ACTIVE_COMPILATION_CONDITIONS = "DEBUG $(inherited)";
				SWIFT_OPTIMIZATION_LEVEL = "-Onone";
			};
			name = Debug;
		};
		1A00003F294A1234567890AB /* Release */ = {
			isa = XCBuildConfiguration;
			buildSettings = {
				ALWAYS_SEARCH_USER_PATHS = NO;
				ASSETCATALOG_COMPILER_GENERATE_SWIFT_ASSET_SYMBOL_EXTENSIONS = YES;
				CLANG_ANALYZER_NONNULL = YES;
				CLANG_ANALYZER_NUMBER_OBJECT_CONVERSION = YES_AGGRESSIVE;
				CLANG_CXX_LANGUAGE_STANDARD = "gnu++20";
				CLANG_ENABLE_MODULES = YES;
				CLANG_ENABLE_OBJC_ARC = YES;
				CLANG_ENABLE_OBJC_WEAK = YES;
				CLANG_WARN_BLOCK_CAPTURE_AUTORELEASING = YES;
				CLANG_WARN_BOOL_CONVERSION = YES;
				CLANG_WARN_COMMA = YES;
				CLANG_WARN_CONSTANT_CONVERSION = YES;
				CLANG_WARN_DEPRECATED_OBJC_IMPLEMENTATIONS = YES;
				CLANG_WARN_DIRECT_OBJC_ISA_USAGE = YES_ERROR;
				CLANG_WARN_DOCUMENTATION_COMMENTS = YES;
				CLANG_WARN_EMPTY_BODY = YES;
				CLANG_WARN_ENUM_CONVERSION = YES;
				CLANG_WARN_INFINITE_RECURSION = YES;
				CLANG_WARN_INT_CONVERSION = YES;
				CLANG_WARN_NON_LITERAL_NULL_CONVERSION = YES;
				CLANG_WARN_OBJC_IMPLICIT_RETAIN_SELF = YES;
				CLANG_WARN_OBJC_LITERAL_CONVERSION = YES;
				CLANG_WARN_OBJC_ROOT_CLASS = YES_ERROR;
				CLANG_WARN_QUOTED_INCLUDE_IN_FRAMEWORK_HEADER = YES;
				CLANG_WARN_RANGE_LOOP_ANALYSIS = YES;
				CLANG_WARN_STRICT_PROTOTYPES = YES;
				CLANG_WARN_SUSPICIOUS_MOVE = YES;
				CLANG_WARN_UNGUARDED_AVAILABILITY = YES_AGGRESSIVE;
				CLANG_WARN_UNREACHABLE_CODE = YES;
				CLANG_WARN__DUPLICATE_METHOD_MATCH = YES;
				COPY_PHASE_STRIP = NO;
				DEBUG_INFORMATION_FORMAT = "dwarf-with-dsym";
				ENABLE_NS_ASSERTIONS = NO;
				ENABLE_STRICT_OBJC_MSGSEND = YES;
				ENABLE_USER_SCRIPT_SANDBOXING = YES;
				GCC_C_LANGUAGE_STANDARD = gnu17;
				GCC_NO_COMMON_BLOCKS = YES;
				GCC_WARN_64_TO_32_BIT_CONVERSION = YES;
				GCC_WARN_ABOUT_RETURN_TYPE = YES_ERROR;
				GCC_WARN_UNDECLARED_SELECTOR = YES;
				GCC_WARN_UNINITIALIZED_AUTOS = YES_AGGRESSIVE;
				GCC_WARN_UNUSED_FUNCTION = YES;
				GCC_WARN_UNUSED_VARIABLE = YES;
				LOCALIZATION_PREFERS_STRING_CATALOGS = YES;
				MACOSX_DEPLOYMENT_TARGET = 12.0;
				MTL_ENABLE_DEBUG_INFO = NO;
				MTL_FAST_MATH = YES;
				SDKROOT = macosx;
				SWIFT_COMPILATION_MODE = wholemodule;
			};
			name = Release;
		};
		1A000040294A1234567890AB /* Debug */ = {
			isa = XCBuildConfiguration;
			buildSettings = {
				ASSETCATALOG_COMPILER_APPICON_NAME = AppIcon;
				ASSETCATALOG_COMPILER_GLOBAL_ACCENT_COLOR_NAME = AccentColor;
				CODE_SIGN_ENTITLEMENTS = WriteHub/WriteHub.entitlements;
				CODE_SIGN_STYLE = Automatic;
				COMBINE_HIDPI_IMAGES = YES;
				CURRENT_PROJECT_VERSION = 1;
				DEVELOPMENT_ASSET_PATHS = "\"WriteHub/Preview Content\"";
				DEVELOPMENT_TEAM = "";
				ENABLE_HARDENED_RUNTIME = YES;
				ENABLE_PREVIEWS = YES;
				GENERATE_INFOPLIST_FILE = NO;
				INFOPLIST_FILE = WriteHub/Info.plist;
				INFOPLIST_KEY_NSHumanReadableCopyright = "";
				LD_RUNPATH_SEARCH_PATHS = (
					"$(inherited)",
					"@executable_path/../Frameworks",
				);
				MARKETING_VERSION = 1.0;
				PRODUCT_BUNDLE_IDENTIFIER = com.writehub.app;
				PRODUCT_NAME = "$(TARGET_NAME)";
				SWIFT_EMIT_LOC_STRINGS = YES;
				SWIFT_VERSION = 5.0;
			};
			name = Debug;
		};
		1A000041294A1234567890AB /* Release */ = {
			isa = XCBuildConfiguration;
			buildSettings = {
				ASSETCATALOG_COMPILER_APPICON_NAME = AppIcon;
				ASSETCATALOG_COMPILER_GLOBAL_ACCENT_COLOR_NAME = AccentColor;
				CODE_SIGN_ENTITLEMENTS = WriteHub/WriteHub.entitlements;
				CODE_SIGN_STYLE = Automatic;
				COMBINE_HIDPI_IMAGES = YES;
				CURRENT_PROJECT_VERSION = 1;
				DEVELOPMENT_ASSET_PATHS = "\"WriteHub/Preview Content\"";
				DEVELOPMENT_TEAM = "";
				ENABLE_HARDENED_RUNTIME = YES;
				ENABLE_PREVIEWS = YES;
				GENERATE_INFOPLIST_FILE = NO;
				INFOPLIST_FILE = WriteHub/Info.plist;
				INFOPLIST_KEY_NSHumanReadableCopyright = "";
				LD_RUNPATH_SEARCH_PATHS = (
					"$(inherited)",
					"@executable_path/../Frameworks",
				);
				MARKETING_VERSION = 1.0;
				PRODUCT_BUNDLE_IDENTIFIER = com.writehub.app;
				PRODUCT_NAME = "$(TARGET_NAME)";
				SWIFT_EMIT_LOC_STRINGS = YES;
				SWIFT_VERSION = 5.0;
			};
			name = Release;
		};
/* End XCBuildConfiguration section */

/* Begin XCConfigurationList section */
		1A00003D294A1234567890AB /* Build configuration list for PBXProject "WriteHub" */ = {
			isa = XCConfigurationList;
			buildConfigurations = (
				1A00003E294A1234567890AB /* Debug */,
				1A00003F294A1234567890AB /* Release */,
			);
			defaultConfigurationIsVisible = 0;
			defaultConfigurationName = Release;
		};
		1A000039294A1234567890AB /* Build configuration list for PBXNativeTarget "WriteHub" */ = {
			isa = XCConfigurationList;
			buildConfigurations = (
				1A000040294A1234567890AB /* Debug */,
				1A000041294A1234567890AB /* Release */,
			);
			defaultConfigurationIsVisible = 0;
			defaultConfigurationName = Release;
		};
/* End XCConfigurationList section */
	};
	rootObject = 1A00003C294A1234567890AB /* Project object */;
}